
Microsoft Visual Studio Solution File, Format Version 12.00
# Visual Studio Version 17
VisualStudioVersion = 17.14.36221.1
MinimumVisualStudioVersion = 10.0.40219.1
Project("{FAE04EC0-301F-11D3-BF4B-00C04F79EFBC}") = "Nexus.ReportGen.MinimalApi", "Nexus.ReportGen.MinimalApi\Nexus.ReportGen.MinimalApi.csproj", "{687E3840-BC87-4150-BE2E-AD0DA1660D3A}"
EndProject
Project("{FAE04EC0-301F-11D3-BF4B-00C04F79EFBC}") = "Nexus.ReportGen.Library", "Nexus.ReportGen.Library\Nexus.ReportGen.Library.csproj", "{99BF1807-F2B6-483B-9576-A9AC59068B26}"
EndProject
Project("{FAE04EC0-301F-11D3-BF4B-00C04F79EFBC}") = "WebApplication2", "WebApplication2\WebApplication2.csproj", "{80C9FDAA-82A9-4CB8-8143-47FD51AF90DB}"
EndProject
Global
	GlobalSection(SolutionConfigurationPlatforms) = preSolution
		Debug|Any CPU = Debug|Any CPU
		Release|Any CPU = Release|Any CPU
	EndGlobalSection
	GlobalSection(ProjectConfigurationPlatforms) = postSolution
		{687E3840-BC87-4150-BE2E-AD0DA1660D3A}.Debug|Any CPU.ActiveCfg = Debug|Any CPU
		{687E3840-BC87-4150-BE2E-AD0DA1660D3A}.Debug|Any CPU.Build.0 = Debug|Any CPU
		{687E3840-BC87-4150-BE2E-AD0DA1660D3A}.Release|Any CPU.ActiveCfg = Release|Any CPU
		{687E3840-BC87-4150-BE2E-AD0DA1660D3A}.Release|Any CPU.Build.0 = Release|Any CPU
		{99BF1807-F2B6-483B-9576-A9AC59068B26}.Debug|Any CPU.ActiveCfg = Debug|Any CPU
		{99BF1807-F2B6-483B-9576-A9AC59068B26}.Debug|Any CPU.Build.0 = Debug|Any CPU
		{99BF1807-F2B6-483B-9576-A9AC59068B26}.Release|Any CPU.ActiveCfg = Release|Any CPU
		{99BF1807-F2B6-483B-9576-A9AC59068B26}.Release|Any CPU.Build.0 = Release|Any CPU
		{80C9FDAA-82A9-4CB8-8143-47FD51AF90DB}.Debug|Any CPU.ActiveCfg = Debug|Any CPU
		{80C9FDAA-82A9-4CB8-8143-47FD51AF90DB}.Debug|Any CPU.Build.0 = Debug|Any CPU
		{80C9FDAA-82A9-4CB8-8143-47FD51AF90DB}.Release|Any CPU.ActiveCfg = Release|Any CPU
		{80C9FDAA-82A9-4CB8-8143-47FD51AF90DB}.Release|Any CPU.Build.0 = Release|Any CPU
	EndGlobalSection
	GlobalSection(SolutionProperties) = preSolution
		HideSolutionNode = FALSE
	EndGlobalSection
	GlobalSection(ExtensibilityGlobals) = postSolution
		SolutionGuid = {2A91A231-AAAD-4FF4-8FF5-1CB03FE5F976}
	EndGlobalSection
EndGlobal
